
Microsoft Visual Studio Solution File, Format Version 12.00
# Visual Studio Version 17
VisualStudioVersion = 17.11.35312.102
MinimumVisualStudioVersion = 10.0.40219.1
Project("{9A19103F-16F7-4668-BE54-9A1E7A4F7556}") = "Filmposter", "Filmposter\Filmposter.csproj", "{7D38CF19-AA94-46FF-B836-BC8DA4C5EF5E}"
EndProject
Project("{FAE04EC0-301F-11D3-BF4B-00C04F79EFBC}") = "Filmposter.Server", "Filmposter.Server\Filmposter.Server.csproj", "{7D5E6880-8CD7-41B2-B8D5-CBB0D44EEF6D}"
EndProject
Global
	GlobalSection(SolutionConfigurationPlatforms) = preSolution
		Debug|Any CPU = Debug|Any CPU
		Release|Any CPU = Release|Any CPU
	EndGlobalSection
	GlobalSection(ProjectConfigurationPlatforms) = postSolution
		{7D38CF19-AA94-46FF-B836-BC8DA4C5EF5E}.Debug|Any CPU.ActiveCfg = Debug|Any CPU
		{7D38CF19-AA94-46FF-B836-BC8DA4C5EF5E}.Debug|Any CPU.Build.0 = Debug|Any CPU
		{7D38CF19-AA94-46FF-B836-BC8DA4C5EF5E}.Release|Any CPU.ActiveCfg = Release|Any CPU
		{7D38CF19-AA94-46FF-B836-BC8DA4C5EF5E}.Release|Any CPU.Build.0 = Release|Any CPU
		{7D5E6880-8CD7-41B2-B8D5-CBB0D44EEF6D}.Debug|Any CPU.ActiveCfg = Debug|Any CPU
		{7D5E6880-8CD7-41B2-B8D5-CBB0D44EEF6D}.Debug|Any CPU.Build.0 = Debug|Any CPU
		{7D5E6880-8CD7-41B2-B8D5-CBB0D44EEF6D}.Release|Any CPU.ActiveCfg = Release|Any CPU
		{7D5E6880-8CD7-41B2-B8D5-CBB0D44EEF6D}.Release|Any CPU.Build.0 = Release|Any CPU
	EndGlobalSection
	GlobalSection(SolutionProperties) = preSolution
		HideSolutionNode = FALSE
	EndGlobalSection
	GlobalSection(ExtensibilityGlobals) = postSolution
		SolutionGuid = {CF1C3B95-EBD8-4045-945D-415542CB69BC}
	EndGlobalSection
EndGlobal
