
Microsoft Visual Studio Solution File, Format Version 12.00
# Visual Studio Version 17
VisualStudioVersion = 17.11.35312.102
MinimumVisualStudioVersion = 10.0.40219.1
Project("{9A19103F-16F7-4668-BE54-9A1E7A4F7556}") = "Filmposter", "Filmposter\Filmposter.csproj", "{7D38CF19-AA94-46FF-B836-BC8DA4C5EF5E}"
EndProject
Project("{9A19103F-16F7-4668-BE54-9A1E7A4F7556}") = "Filmposter.Server", "Filmposter.Server\Filmposter.Server.csproj", "{7D5E6880-8CD7-41B2-B8D5-CBB0D44EEF6D}"
EndProject
Project("{FAE04EC0-301F-11D3-BF4B-00C04F79EFBC}") = "FilmPoster.Application", "FilmPoster.Application\FilmPoster.Application.csproj", "{34EB3C0D-7C5C-4D72-B988-79F62A0860C0}"
EndProject
Project("{FAE04EC0-301F-11D3-BF4B-00C04F79EFBC}") = "Filmposter.Common", "Filmposter.Common\Filmposter.Common.csproj", "{5C66FB15-2F61-4556-8EE1-19FD7EC236A9}"
EndProject
Project("{FAE04EC0-301F-11D3-BF4B-00C04F79EFBC}") = "Filmposter.Domain", "Filmposter.Domain\Filmposter.Domain.csproj", "{5AC9815D-C116-4BFD-8260-317836917657}"
EndProject
Project("{FAE04EC0-301F-11D3-BF4B-00C04F79EFBC}") = "Filmposter.Persistence", "Filmposter.Persistence\Filmposter.Persistence.csproj", "{2141E4E9-08F7-48A8-9C72-C0A9DFFD8AE4}"
EndProject
Project("{2150E333-8FDC-42A3-9474-1A3956D46DE8}") = "Doc", "Doc", "{345C6BD9-0682-4971-BD1A-89AE2493D693}"
EndProject
Project("{2150E333-8FDC-42A3-9474-1A3956D46DE8}") = "Src", "Src", "{43588E9A-D1D5-4DFE-BA0D-5343FB49A67F}"
EndProject
Project("{2150E333-8FDC-42A3-9474-1A3956D46DE8}") = "Test", "Test", "{B4E1B633-B2A5-4012-BDD9-6ACBB62DA19C}"
EndProject
Project("{2150E333-8FDC-42A3-9474-1A3956D46DE8}") = "Common", "Common", "{206F164E-D7A0-424F-8A98-0AB0F10826D9}"
EndProject
Project("{2150E333-8FDC-42A3-9474-1A3956D46DE8}") = "Core", "Core", "{55E393E1-7C87-4402-A1BA-A3393F3F989F}"
EndProject
Project("{2150E333-8FDC-42A3-9474-1A3956D46DE8}") = "Infrastructure", "Infrastructure", "{E273FFA3-46F1-46DB-BCD0-297980B3990E}"
EndProject
Project("{2150E333-8FDC-42A3-9474-1A3956D46DE8}") = "Presentation", "Presentation", "{BE5A2A81-144E-4635-9C6A-033CDEFA8C26}"
EndProject
Project("{FAE04EC0-301F-11D3-BF4B-00C04F79EFBC}") = "Filmposter.Infrastructure", "Filmposter.Infrastructure\Filmposter.Infrastructure.csproj", "{89D42201-40B9-4A4E-B6DB-88D634328CD4}"
EndProject
Project("{2150E333-8FDC-42A3-9474-1A3956D46DE8}") = "Api", "Api", "{AADFB002-861B-4A8C-88F8-40DAE03E449C}"
EndProject
Global
	GlobalSection(SolutionConfigurationPlatforms) = preSolution
		Debug|Any CPU = Debug|Any CPU
		Release|Any CPU = Release|Any CPU
	EndGlobalSection
	GlobalSection(ProjectConfigurationPlatforms) = postSolution
		{7D38CF19-AA94-46FF-B836-BC8DA4C5EF5E}.Debug|Any CPU.ActiveCfg = Debug|Any CPU
		{7D38CF19-AA94-46FF-B836-BC8DA4C5EF5E}.Debug|Any CPU.Build.0 = Debug|Any CPU
		{7D38CF19-AA94-46FF-B836-BC8DA4C5EF5E}.Release|Any CPU.ActiveCfg = Release|Any CPU
		{7D38CF19-AA94-46FF-B836-BC8DA4C5EF5E}.Release|Any CPU.Build.0 = Release|Any CPU
		{7D5E6880-8CD7-41B2-B8D5-CBB0D44EEF6D}.Debug|Any CPU.ActiveCfg = Debug|Any CPU
		{7D5E6880-8CD7-41B2-B8D5-CBB0D44EEF6D}.Debug|Any CPU.Build.0 = Debug|Any CPU
		{7D5E6880-8CD7-41B2-B8D5-CBB0D44EEF6D}.Release|Any CPU.ActiveCfg = Release|Any CPU
		{7D5E6880-8CD7-41B2-B8D5-CBB0D44EEF6D}.Release|Any CPU.Build.0 = Release|Any CPU
		{34EB3C0D-7C5C-4D72-B988-79F62A0860C0}.Debug|Any CPU.ActiveCfg = Debug|Any CPU
		{34EB3C0D-7C5C-4D72-B988-79F62A0860C0}.Debug|Any CPU.Build.0 = Debug|Any CPU
		{34EB3C0D-7C5C-4D72-B988-79F62A0860C0}.Release|Any CPU.ActiveCfg = Release|Any CPU
		{34EB3C0D-7C5C-4D72-B988-79F62A0860C0}.Release|Any CPU.Build.0 = Release|Any CPU
		{5C66FB15-2F61-4556-8EE1-19FD7EC236A9}.Debug|Any CPU.ActiveCfg = Debug|Any CPU
		{5C66FB15-2F61-4556-8EE1-19FD7EC236A9}.Debug|Any CPU.Build.0 = Debug|Any CPU
		{5C66FB15-2F61-4556-8EE1-19FD7EC236A9}.Release|Any CPU.ActiveCfg = Release|Any CPU
		{5C66FB15-2F61-4556-8EE1-19FD7EC236A9}.Release|Any CPU.Build.0 = Release|Any CPU
		{5AC9815D-C116-4BFD-8260-317836917657}.Debug|Any CPU.ActiveCfg = Debug|Any CPU
		{5AC9815D-C116-4BFD-8260-317836917657}.Debug|Any CPU.Build.0 = Debug|Any CPU
		{5AC9815D-C116-4BFD-8260-317836917657}.Release|Any CPU.ActiveCfg = Release|Any CPU
		{5AC9815D-C116-4BFD-8260-317836917657}.Release|Any CPU.Build.0 = Release|Any CPU
		{2141E4E9-08F7-48A8-9C72-C0A9DFFD8AE4}.Debug|Any CPU.ActiveCfg = Debug|Any CPU
		{2141E4E9-08F7-48A8-9C72-C0A9DFFD8AE4}.Debug|Any CPU.Build.0 = Debug|Any CPU
		{2141E4E9-08F7-48A8-9C72-C0A9DFFD8AE4}.Release|Any CPU.ActiveCfg = Release|Any CPU
		{2141E4E9-08F7-48A8-9C72-C0A9DFFD8AE4}.Release|Any CPU.Build.0 = Release|Any CPU
		{89D42201-40B9-4A4E-B6DB-88D634328CD4}.Debug|Any CPU.ActiveCfg = Debug|Any CPU
		{89D42201-40B9-4A4E-B6DB-88D634328CD4}.Debug|Any CPU.Build.0 = Debug|Any CPU
		{89D42201-40B9-4A4E-B6DB-88D634328CD4}.Release|Any CPU.ActiveCfg = Release|Any CPU
		{89D42201-40B9-4A4E-B6DB-88D634328CD4}.Release|Any CPU.Build.0 = Release|Any CPU
	EndGlobalSection
	GlobalSection(SolutionProperties) = preSolution
		HideSolutionNode = FALSE
	EndGlobalSection
	GlobalSection(NestedProjects) = preSolution
		{7D38CF19-AA94-46FF-B836-BC8DA4C5EF5E} = {BE5A2A81-144E-4635-9C6A-033CDEFA8C26}
		{7D5E6880-8CD7-41B2-B8D5-CBB0D44EEF6D} = {AADFB002-861B-4A8C-88F8-40DAE03E449C}
		{34EB3C0D-7C5C-4D72-B988-79F62A0860C0} = {55E393E1-7C87-4402-A1BA-A3393F3F989F}
		{5C66FB15-2F61-4556-8EE1-19FD7EC236A9} = {206F164E-D7A0-424F-8A98-0AB0F10826D9}
		{5AC9815D-C116-4BFD-8260-317836917657} = {55E393E1-7C87-4402-A1BA-A3393F3F989F}
		{2141E4E9-08F7-48A8-9C72-C0A9DFFD8AE4} = {E273FFA3-46F1-46DB-BCD0-297980B3990E}
		{206F164E-D7A0-424F-8A98-0AB0F10826D9} = {43588E9A-D1D5-4DFE-BA0D-5343FB49A67F}
		{55E393E1-7C87-4402-A1BA-A3393F3F989F} = {43588E9A-D1D5-4DFE-BA0D-5343FB49A67F}
		{E273FFA3-46F1-46DB-BCD0-297980B3990E} = {43588E9A-D1D5-4DFE-BA0D-5343FB49A67F}
		{BE5A2A81-144E-4635-9C6A-033CDEFA8C26} = {43588E9A-D1D5-4DFE-BA0D-5343FB49A67F}
		{89D42201-40B9-4A4E-B6DB-88D634328CD4} = {E273FFA3-46F1-46DB-BCD0-297980B3990E}
		{AADFB002-861B-4A8C-88F8-40DAE03E449C} = {43588E9A-D1D5-4DFE-BA0D-5343FB49A67F}
	EndGlobalSection
	GlobalSection(ExtensibilityGlobals) = postSolution
		SolutionGuid = {CF1C3B95-EBD8-4045-945D-415542CB69BC}
	EndGlobalSection
EndGlobal
