
Microsoft Visual Studio Solution File, Format Version 12.00
# Visual Studio Version 17
VisualStudioVersion = 17.11.35312.102
MinimumVisualStudioVersion = 10.0.40219.1
Project("{9A19103F-16F7-4668-BE54-9A1E7A4F7556}") = "FIlmposter", "FIlmposter\FIlmposter\FIlmposter.csproj", "{146A88EA-795E-41CD-AF74-28E80B53FD69}"
EndProject
Project("{9A19103F-16F7-4668-BE54-9A1E7A4F7556}") = "FIlmposter.Client", "FIlmposter\FIlmposter.Client\FIlmposter.Client.csproj", "{E29BEF24-915C-4AC4-8B5E-F85308F4A5D1}"
EndProject
Project("{2150E333-8FDC-42A3-9474-1A3956D46DE8}") = "Src", "Src", "{935B46C7-2269-4517-A675-FA93871913A9}"
EndProject
Project("{2150E333-8FDC-42A3-9474-1A3956D46DE8}") = "Test", "Test", "{14A3E813-4051-43C9-937C-730483D6D1A1}"
EndProject
Project("{2150E333-8FDC-42A3-9474-1A3956D46DE8}") = "Doc", "Doc", "{9E9897B5-009F-401C-AE4C-2C59ABB7F5F1}"
EndProject
Project("{2150E333-8FDC-42A3-9474-1A3956D46DE8}") = "Presentation", "Presentation", "{62E8DB68-8D04-42C3-813A-114C64668B5E}"
EndProject
Project("{2150E333-8FDC-42A3-9474-1A3956D46DE8}") = "Api", "Api", "{0439BE28-904D-43E1-8AFF-0165E620A8D8}"
EndProject
Project("{9A19103F-16F7-4668-BE54-9A1E7A4F7556}") = "Filmposter.Server", "Filmposter.Server\Filmposter.Server.csproj", "{AFB5AB3D-6548-41CE-BA1E-0316CA1F7293}"
EndProject
Project("{2150E333-8FDC-42A3-9474-1A3956D46DE8}") = "Common", "Common", "{FF9A5E56-48F9-4A35-9E86-5639244EF4F4}"
EndProject
Project("{9A19103F-16F7-4668-BE54-9A1E7A4F7556}") = "Filmposter.Common", "Filmposter.Common\Filmposter.Common.csproj", "{283ED09C-96A1-4834-80DB-870071EE1245}"
EndProject
Project("{2150E333-8FDC-42A3-9474-1A3956D46DE8}") = "Core", "Core", "{C89C7016-B8BF-4A6E-977E-769297D4CE06}"
EndProject
Project("{9A19103F-16F7-4668-BE54-9A1E7A4F7556}") = "FilmPoster.Application", "FilmPoster.Application\FilmPoster.Application.csproj", "{275E87EA-6B8E-4865-AF79-94B5D94DDF91}"
EndProject
Project("{9A19103F-16F7-4668-BE54-9A1E7A4F7556}") = "Filmposter.Domain", "Filmposter.Domain\Filmposter.Domain.csproj", "{A0A38F81-9C25-4FF6-A18F-DA8DDB824B12}"
EndProject
Project("{2150E333-8FDC-42A3-9474-1A3956D46DE8}") = "Infrastructure", "Infrastructure", "{CF8FDA68-C6E7-42D9-A775-4387F22D07EC}"
EndProject
Project("{9A19103F-16F7-4668-BE54-9A1E7A4F7556}") = "Filmposter.Infrastructure", "Filmposter.Infrastructure\Filmposter.Infrastructure.csproj", "{E2760EF4-7389-4094-997B-F119B295F6DF}"
EndProject
Project("{9A19103F-16F7-4668-BE54-9A1E7A4F7556}") = "Filmposter.Persistence", "Filmposter.Persistence\Filmposter.Persistence.csproj", "{818E64E3-83BB-4F43-8F8C-D7A1EC6829C6}"
EndProject
Global
	GlobalSection(SolutionConfigurationPlatforms) = preSolution
		Debug|Any CPU = Debug|Any CPU
		Release|Any CPU = Release|Any CPU
	EndGlobalSection
	GlobalSection(ProjectConfigurationPlatforms) = postSolution
		{146A88EA-795E-41CD-AF74-28E80B53FD69}.Debug|Any CPU.ActiveCfg = Debug|Any CPU
		{146A88EA-795E-41CD-AF74-28E80B53FD69}.Debug|Any CPU.Build.0 = Debug|Any CPU
		{146A88EA-795E-41CD-AF74-28E80B53FD69}.Release|Any CPU.ActiveCfg = Release|Any CPU
		{146A88EA-795E-41CD-AF74-28E80B53FD69}.Release|Any CPU.Build.0 = Release|Any CPU
		{E29BEF24-915C-4AC4-8B5E-F85308F4A5D1}.Debug|Any CPU.ActiveCfg = Debug|Any CPU
		{E29BEF24-915C-4AC4-8B5E-F85308F4A5D1}.Debug|Any CPU.Build.0 = Debug|Any CPU
		{E29BEF24-915C-4AC4-8B5E-F85308F4A5D1}.Release|Any CPU.ActiveCfg = Release|Any CPU
		{E29BEF24-915C-4AC4-8B5E-F85308F4A5D1}.Release|Any CPU.Build.0 = Release|Any CPU
		{AFB5AB3D-6548-41CE-BA1E-0316CA1F7293}.Debug|Any CPU.ActiveCfg = Debug|Any CPU
		{AFB5AB3D-6548-41CE-BA1E-0316CA1F7293}.Debug|Any CPU.Build.0 = Debug|Any CPU
		{AFB5AB3D-6548-41CE-BA1E-0316CA1F7293}.Release|Any CPU.ActiveCfg = Release|Any CPU
		{AFB5AB3D-6548-41CE-BA1E-0316CA1F7293}.Release|Any CPU.Build.0 = Release|Any CPU
		{283ED09C-96A1-4834-80DB-870071EE1245}.Debug|Any CPU.ActiveCfg = Debug|Any CPU
		{283ED09C-96A1-4834-80DB-870071EE1245}.Debug|Any CPU.Build.0 = Debug|Any CPU
		{283ED09C-96A1-4834-80DB-870071EE1245}.Release|Any CPU.ActiveCfg = Release|Any CPU
		{283ED09C-96A1-4834-80DB-870071EE1245}.Release|Any CPU.Build.0 = Release|Any CPU
		{275E87EA-6B8E-4865-AF79-94B5D94DDF91}.Debug|Any CPU.ActiveCfg = Debug|Any CPU
		{275E87EA-6B8E-4865-AF79-94B5D94DDF91}.Debug|Any CPU.Build.0 = Debug|Any CPU
		{275E87EA-6B8E-4865-AF79-94B5D94DDF91}.Release|Any CPU.ActiveCfg = Release|Any CPU
		{275E87EA-6B8E-4865-AF79-94B5D94DDF91}.Release|Any CPU.Build.0 = Release|Any CPU
		{A0A38F81-9C25-4FF6-A18F-DA8DDB824B12}.Debug|Any CPU.ActiveCfg = Debug|Any CPU
		{A0A38F81-9C25-4FF6-A18F-DA8DDB824B12}.Debug|Any CPU.Build.0 = Debug|Any CPU
		{A0A38F81-9C25-4FF6-A18F-DA8DDB824B12}.Release|Any CPU.ActiveCfg = Release|Any CPU
		{A0A38F81-9C25-4FF6-A18F-DA8DDB824B12}.Release|Any CPU.Build.0 = Release|Any CPU
		{E2760EF4-7389-4094-997B-F119B295F6DF}.Debug|Any CPU.ActiveCfg = Debug|Any CPU
		{E2760EF4-7389-4094-997B-F119B295F6DF}.Debug|Any CPU.Build.0 = Debug|Any CPU
		{E2760EF4-7389-4094-997B-F119B295F6DF}.Release|Any CPU.ActiveCfg = Release|Any CPU
		{E2760EF4-7389-4094-997B-F119B295F6DF}.Release|Any CPU.Build.0 = Release|Any CPU
		{818E64E3-83BB-4F43-8F8C-D7A1EC6829C6}.Debug|Any CPU.ActiveCfg = Debug|Any CPU
		{818E64E3-83BB-4F43-8F8C-D7A1EC6829C6}.Debug|Any CPU.Build.0 = Debug|Any CPU
		{818E64E3-83BB-4F43-8F8C-D7A1EC6829C6}.Release|Any CPU.ActiveCfg = Release|Any CPU
		{818E64E3-83BB-4F43-8F8C-D7A1EC6829C6}.Release|Any CPU.Build.0 = Release|Any CPU
	EndGlobalSection
	GlobalSection(SolutionProperties) = preSolution
		HideSolutionNode = FALSE
	EndGlobalSection
	GlobalSection(NestedProjects) = preSolution
		{146A88EA-795E-41CD-AF74-28E80B53FD69} = {62E8DB68-8D04-42C3-813A-114C64668B5E}
		{E29BEF24-915C-4AC4-8B5E-F85308F4A5D1} = {62E8DB68-8D04-42C3-813A-114C64668B5E}
		{62E8DB68-8D04-42C3-813A-114C64668B5E} = {935B46C7-2269-4517-A675-FA93871913A9}
		{0439BE28-904D-43E1-8AFF-0165E620A8D8} = {935B46C7-2269-4517-A675-FA93871913A9}
		{AFB5AB3D-6548-41CE-BA1E-0316CA1F7293} = {0439BE28-904D-43E1-8AFF-0165E620A8D8}
		{FF9A5E56-48F9-4A35-9E86-5639244EF4F4} = {935B46C7-2269-4517-A675-FA93871913A9}
		{283ED09C-96A1-4834-80DB-870071EE1245} = {FF9A5E56-48F9-4A35-9E86-5639244EF4F4}
		{C89C7016-B8BF-4A6E-977E-769297D4CE06} = {935B46C7-2269-4517-A675-FA93871913A9}
		{275E87EA-6B8E-4865-AF79-94B5D94DDF91} = {C89C7016-B8BF-4A6E-977E-769297D4CE06}
		{A0A38F81-9C25-4FF6-A18F-DA8DDB824B12} = {C89C7016-B8BF-4A6E-977E-769297D4CE06}
		{CF8FDA68-C6E7-42D9-A775-4387F22D07EC} = {935B46C7-2269-4517-A675-FA93871913A9}
		{E2760EF4-7389-4094-997B-F119B295F6DF} = {CF8FDA68-C6E7-42D9-A775-4387F22D07EC}
		{818E64E3-83BB-4F43-8F8C-D7A1EC6829C6} = {CF8FDA68-C6E7-42D9-A775-4387F22D07EC}
	EndGlobalSection
	GlobalSection(ExtensibilityGlobals) = postSolution
		SolutionGuid = {92F65B4F-D16A-4AFE-A028-5495659672FE}
	EndGlobalSection
EndGlobal
